
Microsoft Visual Studio Solution File, Format Version 12.00
# Visual Studio Version 16
VisualStudioVersion = 16.0.30114.128
MinimumVisualStudioVersion = 15.0.26124.0
Project("{2150E333-8FDC-42A3-9474-1A3956D46DE8}") = "Services", "Services", "{880DB486-9DB6-4550-A07E-8F83E6682B0D}"
EndProject
Project("{2150E333-8FDC-42A3-9474-1A3956D46DE8}") = "Scheduling", "Scheduling", "{3896C70C-5E0B-4B6A-BDC9-BBA2DA6492B2}"
EndProject
Project("{2150E333-8FDC-42A3-9474-1A3956D46DE8}") = "BuildingBlocks", "BuildingBlocks", "{72D1324D-3E72-4595-9755-AEAC6E99F023}"
EndProject
Project("{9A19103F-16F7-4668-BE54-9A1E7A4F7556}") = "BuildingBlocks.Domain", "BuildingBlocks\BuildingBlocks.Domain\BuildingBlocks.Domain.csproj", "{989588EC-D252-4E1C-8702-75DF6E55789C}"
EndProject
Project("{9A19103F-16F7-4668-BE54-9A1E7A4F7556}") = "BuildingBlocks.Application", "BuildingBlocks\BuildingBlocks.Application\BuildingBlocks.Application.csproj", "{A8B22270-B166-4135-81D2-F7C1EAF2BCF1}"
EndProject
Project("{9A19103F-16F7-4668-BE54-9A1E7A4F7556}") = "BuildingBlocks.Infrastructure", "BuildingBlocks\BuildingBlocks.Infrastructure\BuildingBlocks.Infrastructure.csproj", "{BA5F7A7D-1DC3-417D-96C0-D0770DDACE08}"
EndProject
Project("{9A19103F-16F7-4668-BE54-9A1E7A4F7556}") = "Scheduling.Domain", "Services\Scheduling\Scheduling.Domain\Scheduling.Domain.csproj", "{2C227787-492D-4231-AA8E-CF5CB33218E6}"
EndProject
Project("{9A19103F-16F7-4668-BE54-9A1E7A4F7556}") = "Scheduling.Infrastructure", "Services\Scheduling\Scheduling.Infrastructure\Scheduling.Infrastructure.csproj", "{071199B8-F2EA-4CE6-86F3-A2B0FAE658AA}"
EndProject
Project("{9A19103F-16F7-4668-BE54-9A1E7A4F7556}") = "Scheduling.Application", "Services\Scheduling\Scheduling.Application\Scheduling.Application.csproj", "{3B250AE6-82D9-4893-A8E7-756E70C366FB}"
EndProject
Project("{9A19103F-16F7-4668-BE54-9A1E7A4F7556}") = "Scheduling.API", "Services\Scheduling\Scheduling.API\Scheduling.API.csproj", "{BEF55BBE-D1F9-4996-83CD-8EA0C39ADBEC}"
EndProject
Project("{2150E333-8FDC-42A3-9474-1A3956D46DE8}") = "Services", "Services", "{559902F1-A516-47FE-8BBF-56017E384D6E}"
EndProject
Project("{FAE04EC0-301F-11D3-BF4B-00C04F79EFBC}") = "Services.Domain", "Services\Services\Services.Domain\Services.Domain.csproj", "{FF43E1EA-F836-4354-B0EB-128DC48CF02A}"
EndProject
Project("{FAE04EC0-301F-11D3-BF4B-00C04F79EFBC}") = "Services.UnitTests", "Services\Services\Services.UnitTests\Services.UnitTests.csproj", "{E63CEDC4-7E6C-41C4-A9FE-4C70AA08CB81}"
EndProject
Project("{FAE04EC0-301F-11D3-BF4B-00C04F79EFBC}") = "Scheduling.UnitTests", "Services\Scheduling\Scheduling.UnitTests\Scheduling.UnitTests.csproj", "{E36B7F8E-878F-4180-A705-8D6CD5A5FC3C}"
EndProject
Global
	GlobalSection(SolutionConfigurationPlatforms) = preSolution
		Debug|Any CPU = Debug|Any CPU
		Debug|x64 = Debug|x64
		Debug|x86 = Debug|x86
		Release|Any CPU = Release|Any CPU
		Release|x64 = Release|x64
		Release|x86 = Release|x86
	EndGlobalSection
	GlobalSection(ProjectConfigurationPlatforms) = postSolution
		{989588EC-D252-4E1C-8702-75DF6E55789C}.Debug|Any CPU.ActiveCfg = Debug|Any CPU
		{989588EC-D252-4E1C-8702-75DF6E55789C}.Debug|Any CPU.Build.0 = Debug|Any CPU
		{989588EC-D252-4E1C-8702-75DF6E55789C}.Debug|x64.ActiveCfg = Debug|Any CPU
		{989588EC-D252-4E1C-8702-75DF6E55789C}.Debug|x64.Build.0 = Debug|Any CPU
		{989588EC-D252-4E1C-8702-75DF6E55789C}.Debug|x86.ActiveCfg = Debug|Any CPU
		{989588EC-D252-4E1C-8702-75DF6E55789C}.Debug|x86.Build.0 = Debug|Any CPU
		{989588EC-D252-4E1C-8702-75DF6E55789C}.Release|Any CPU.ActiveCfg = Release|Any CPU
		{989588EC-D252-4E1C-8702-75DF6E55789C}.Release|Any CPU.Build.0 = Release|Any CPU
		{989588EC-D252-4E1C-8702-75DF6E55789C}.Release|x64.ActiveCfg = Release|Any CPU
		{989588EC-D252-4E1C-8702-75DF6E55789C}.Release|x64.Build.0 = Release|Any CPU
		{989588EC-D252-4E1C-8702-75DF6E55789C}.Release|x86.ActiveCfg = Release|Any CPU
		{989588EC-D252-4E1C-8702-75DF6E55789C}.Release|x86.Build.0 = Release|Any CPU
		{A8B22270-B166-4135-81D2-F7C1EAF2BCF1}.Debug|Any CPU.ActiveCfg = Debug|Any CPU
		{A8B22270-B166-4135-81D2-F7C1EAF2BCF1}.Debug|Any CPU.Build.0 = Debug|Any CPU
		{A8B22270-B166-4135-81D2-F7C1EAF2BCF1}.Debug|x64.ActiveCfg = Debug|Any CPU
		{A8B22270-B166-4135-81D2-F7C1EAF2BCF1}.Debug|x64.Build.0 = Debug|Any CPU
		{A8B22270-B166-4135-81D2-F7C1EAF2BCF1}.Debug|x86.ActiveCfg = Debug|Any CPU
		{A8B22270-B166-4135-81D2-F7C1EAF2BCF1}.Debug|x86.Build.0 = Debug|Any CPU
		{A8B22270-B166-4135-81D2-F7C1EAF2BCF1}.Release|Any CPU.ActiveCfg = Release|Any CPU
		{A8B22270-B166-4135-81D2-F7C1EAF2BCF1}.Release|Any CPU.Build.0 = Release|Any CPU
		{A8B22270-B166-4135-81D2-F7C1EAF2BCF1}.Release|x64.ActiveCfg = Release|Any CPU
		{A8B22270-B166-4135-81D2-F7C1EAF2BCF1}.Release|x64.Build.0 = Release|Any CPU
		{A8B22270-B166-4135-81D2-F7C1EAF2BCF1}.Release|x86.ActiveCfg = Release|Any CPU
		{A8B22270-B166-4135-81D2-F7C1EAF2BCF1}.Release|x86.Build.0 = Release|Any CPU
		{BA5F7A7D-1DC3-417D-96C0-D0770DDACE08}.Debug|Any CPU.ActiveCfg = Debug|Any CPU
		{BA5F7A7D-1DC3-417D-96C0-D0770DDACE08}.Debug|Any CPU.Build.0 = Debug|Any CPU
		{BA5F7A7D-1DC3-417D-96C0-D0770DDACE08}.Debug|x64.ActiveCfg = Debug|Any CPU
		{BA5F7A7D-1DC3-417D-96C0-D0770DDACE08}.Debug|x64.Build.0 = Debug|Any CPU
		{BA5F7A7D-1DC3-417D-96C0-D0770DDACE08}.Debug|x86.ActiveCfg = Debug|Any CPU
		{BA5F7A7D-1DC3-417D-96C0-D0770DDACE08}.Debug|x86.Build.0 = Debug|Any CPU
		{BA5F7A7D-1DC3-417D-96C0-D0770DDACE08}.Release|Any CPU.ActiveCfg = Release|Any CPU
		{BA5F7A7D-1DC3-417D-96C0-D0770DDACE08}.Release|Any CPU.Build.0 = Release|Any CPU
		{BA5F7A7D-1DC3-417D-96C0-D0770DDACE08}.Release|x64.ActiveCfg = Release|Any CPU
		{BA5F7A7D-1DC3-417D-96C0-D0770DDACE08}.Release|x64.Build.0 = Release|Any CPU
		{BA5F7A7D-1DC3-417D-96C0-D0770DDACE08}.Release|x86.ActiveCfg = Release|Any CPU
		{BA5F7A7D-1DC3-417D-96C0-D0770DDACE08}.Release|x86.Build.0 = Release|Any CPU
		{2C227787-492D-4231-AA8E-CF5CB33218E6}.Debug|Any CPU.ActiveCfg = Debug|Any CPU
		{2C227787-492D-4231-AA8E-CF5CB33218E6}.Debug|Any CPU.Build.0 = Debug|Any CPU
		{2C227787-492D-4231-AA8E-CF5CB33218E6}.Debug|x64.ActiveCfg = Debug|Any CPU
		{2C227787-492D-4231-AA8E-CF5CB33218E6}.Debug|x64.Build.0 = Debug|Any CPU
		{2C227787-492D-4231-AA8E-CF5CB33218E6}.Debug|x86.ActiveCfg = Debug|Any CPU
		{2C227787-492D-4231-AA8E-CF5CB33218E6}.Debug|x86.Build.0 = Debug|Any CPU
		{2C227787-492D-4231-AA8E-CF5CB33218E6}.Release|Any CPU.ActiveCfg = Release|Any CPU
		{2C227787-492D-4231-AA8E-CF5CB33218E6}.Release|Any CPU.Build.0 = Release|Any CPU
		{2C227787-492D-4231-AA8E-CF5CB33218E6}.Release|x64.ActiveCfg = Release|Any CPU
		{2C227787-492D-4231-AA8E-CF5CB33218E6}.Release|x64.Build.0 = Release|Any CPU
		{2C227787-492D-4231-AA8E-CF5CB33218E6}.Release|x86.ActiveCfg = Release|Any CPU
		{2C227787-492D-4231-AA8E-CF5CB33218E6}.Release|x86.Build.0 = Release|Any CPU
		{071199B8-F2EA-4CE6-86F3-A2B0FAE658AA}.Debug|Any CPU.ActiveCfg = Debug|Any CPU
		{071199B8-F2EA-4CE6-86F3-A2B0FAE658AA}.Debug|Any CPU.Build.0 = Debug|Any CPU
		{071199B8-F2EA-4CE6-86F3-A2B0FAE658AA}.Debug|x64.ActiveCfg = Debug|Any CPU
		{071199B8-F2EA-4CE6-86F3-A2B0FAE658AA}.Debug|x64.Build.0 = Debug|Any CPU
		{071199B8-F2EA-4CE6-86F3-A2B0FAE658AA}.Debug|x86.ActiveCfg = Debug|Any CPU
		{071199B8-F2EA-4CE6-86F3-A2B0FAE658AA}.Debug|x86.Build.0 = Debug|Any CPU
		{071199B8-F2EA-4CE6-86F3-A2B0FAE658AA}.Release|Any CPU.ActiveCfg = Release|Any CPU
		{071199B8-F2EA-4CE6-86F3-A2B0FAE658AA}.Release|Any CPU.Build.0 = Release|Any CPU
		{071199B8-F2EA-4CE6-86F3-A2B0FAE658AA}.Release|x64.ActiveCfg = Release|Any CPU
		{071199B8-F2EA-4CE6-86F3-A2B0FAE658AA}.Release|x64.Build.0 = Release|Any CPU
		{071199B8-F2EA-4CE6-86F3-A2B0FAE658AA}.Release|x86.ActiveCfg = Release|Any CPU
		{071199B8-F2EA-4CE6-86F3-A2B0FAE658AA}.Release|x86.Build.0 = Release|Any CPU
		{3B250AE6-82D9-4893-A8E7-756E70C366FB}.Debug|Any CPU.ActiveCfg = Debug|Any CPU
		{3B250AE6-82D9-4893-A8E7-756E70C366FB}.Debug|Any CPU.Build.0 = Debug|Any CPU
		{3B250AE6-82D9-4893-A8E7-756E70C366FB}.Debug|x64.ActiveCfg = Debug|Any CPU
		{3B250AE6-82D9-4893-A8E7-756E70C366FB}.Debug|x64.Build.0 = Debug|Any CPU
		{3B250AE6-82D9-4893-A8E7-756E70C366FB}.Debug|x86.ActiveCfg = Debug|Any CPU
		{3B250AE6-82D9-4893-A8E7-756E70C366FB}.Debug|x86.Build.0 = Debug|Any CPU
		{3B250AE6-82D9-4893-A8E7-756E70C366FB}.Release|Any CPU.ActiveCfg = Release|Any CPU
		{3B250AE6-82D9-4893-A8E7-756E70C366FB}.Release|Any CPU.Build.0 = Release|Any CPU
		{3B250AE6-82D9-4893-A8E7-756E70C366FB}.Release|x64.ActiveCfg = Release|Any CPU
		{3B250AE6-82D9-4893-A8E7-756E70C366FB}.Release|x64.Build.0 = Release|Any CPU
		{3B250AE6-82D9-4893-A8E7-756E70C366FB}.Release|x86.ActiveCfg = Release|Any CPU
		{3B250AE6-82D9-4893-A8E7-756E70C366FB}.Release|x86.Build.0 = Release|Any CPU
		{BEF55BBE-D1F9-4996-83CD-8EA0C39ADBEC}.Debug|Any CPU.ActiveCfg = Debug|Any CPU
		{BEF55BBE-D1F9-4996-83CD-8EA0C39ADBEC}.Debug|Any CPU.Build.0 = Debug|Any CPU
		{BEF55BBE-D1F9-4996-83CD-8EA0C39ADBEC}.Debug|x64.ActiveCfg = Debug|Any CPU
		{BEF55BBE-D1F9-4996-83CD-8EA0C39ADBEC}.Debug|x64.Build.0 = Debug|Any CPU
		{BEF55BBE-D1F9-4996-83CD-8EA0C39ADBEC}.Debug|x86.ActiveCfg = Debug|Any CPU
		{BEF55BBE-D1F9-4996-83CD-8EA0C39ADBEC}.Debug|x86.Build.0 = Debug|Any CPU
		{BEF55BBE-D1F9-4996-83CD-8EA0C39ADBEC}.Release|Any CPU.ActiveCfg = Release|Any CPU
		{BEF55BBE-D1F9-4996-83CD-8EA0C39ADBEC}.Release|Any CPU.Build.0 = Release|Any CPU
		{BEF55BBE-D1F9-4996-83CD-8EA0C39ADBEC}.Release|x64.ActiveCfg = Release|Any CPU
		{BEF55BBE-D1F9-4996-83CD-8EA0C39ADBEC}.Release|x64.Build.0 = Release|Any CPU
		{BEF55BBE-D1F9-4996-83CD-8EA0C39ADBEC}.Release|x86.ActiveCfg = Release|Any CPU
		{BEF55BBE-D1F9-4996-83CD-8EA0C39ADBEC}.Release|x86.Build.0 = Release|Any CPU
		{FF43E1EA-F836-4354-B0EB-128DC48CF02A}.Debug|Any CPU.ActiveCfg = Debug|Any CPU
		{FF43E1EA-F836-4354-B0EB-128DC48CF02A}.Debug|Any CPU.Build.0 = Debug|Any CPU
		{FF43E1EA-F836-4354-B0EB-128DC48CF02A}.Debug|x64.ActiveCfg = Debug|Any CPU
		{FF43E1EA-F836-4354-B0EB-128DC48CF02A}.Debug|x64.Build.0 = Debug|Any CPU
		{FF43E1EA-F836-4354-B0EB-128DC48CF02A}.Debug|x86.ActiveCfg = Debug|Any CPU
		{FF43E1EA-F836-4354-B0EB-128DC48CF02A}.Debug|x86.Build.0 = Debug|Any CPU
		{FF43E1EA-F836-4354-B0EB-128DC48CF02A}.Release|Any CPU.ActiveCfg = Release|Any CPU
		{FF43E1EA-F836-4354-B0EB-128DC48CF02A}.Release|Any CPU.Build.0 = Release|Any CPU
		{FF43E1EA-F836-4354-B0EB-128DC48CF02A}.Release|x64.ActiveCfg = Release|Any CPU
		{FF43E1EA-F836-4354-B0EB-128DC48CF02A}.Release|x64.Build.0 = Release|Any CPU
		{FF43E1EA-F836-4354-B0EB-128DC48CF02A}.Release|x86.ActiveCfg = Release|Any CPU
		{FF43E1EA-F836-4354-B0EB-128DC48CF02A}.Release|x86.Build.0 = Release|Any CPU
		{E63CEDC4-7E6C-41C4-A9FE-4C70AA08CB81}.Debug|Any CPU.ActiveCfg = Debug|Any CPU
		{E63CEDC4-7E6C-41C4-A9FE-4C70AA08CB81}.Debug|Any CPU.Build.0 = Debug|Any CPU
		{E63CEDC4-7E6C-41C4-A9FE-4C70AA08CB81}.Debug|x64.ActiveCfg = Debug|Any CPU
		{E63CEDC4-7E6C-41C4-A9FE-4C70AA08CB81}.Debug|x64.Build.0 = Debug|Any CPU
		{E63CEDC4-7E6C-41C4-A9FE-4C70AA08CB81}.Debug|x86.ActiveCfg = Debug|Any CPU
		{E63CEDC4-7E6C-41C4-A9FE-4C70AA08CB81}.Debug|x86.Build.0 = Debug|Any CPU
		{E63CEDC4-7E6C-41C4-A9FE-4C70AA08CB81}.Release|Any CPU.ActiveCfg = Release|Any CPU
		{E63CEDC4-7E6C-41C4-A9FE-4C70AA08CB81}.Release|Any CPU.Build.0 = Release|Any CPU
		{E63CEDC4-7E6C-41C4-A9FE-4C70AA08CB81}.Release|x64.ActiveCfg = Release|Any CPU
		{E63CEDC4-7E6C-41C4-A9FE-4C70AA08CB81}.Release|x64.Build.0 = Release|Any CPU
		{E63CEDC4-7E6C-41C4-A9FE-4C70AA08CB81}.Release|x86.ActiveCfg = Release|Any CPU
		{E63CEDC4-7E6C-41C4-A9FE-4C70AA08CB81}.Release|x86.Build.0 = Release|Any CPU
		{E36B7F8E-878F-4180-A705-8D6CD5A5FC3C}.Debug|Any CPU.ActiveCfg = Debug|Any CPU
		{E36B7F8E-878F-4180-A705-8D6CD5A5FC3C}.Debug|Any CPU.Build.0 = Debug|Any CPU
		{E36B7F8E-878F-4180-A705-8D6CD5A5FC3C}.Debug|x64.ActiveCfg = Debug|Any CPU
		{E36B7F8E-878F-4180-A705-8D6CD5A5FC3C}.Debug|x64.Build.0 = Debug|Any CPU
		{E36B7F8E-878F-4180-A705-8D6CD5A5FC3C}.Debug|x86.ActiveCfg = Debug|Any CPU
		{E36B7F8E-878F-4180-A705-8D6CD5A5FC3C}.Debug|x86.Build.0 = Debug|Any CPU
		{E36B7F8E-878F-4180-A705-8D6CD5A5FC3C}.Release|Any CPU.ActiveCfg = Release|Any CPU
		{E36B7F8E-878F-4180-A705-8D6CD5A5FC3C}.Release|Any CPU.Build.0 = Release|Any CPU
		{E36B7F8E-878F-4180-A705-8D6CD5A5FC3C}.Release|x64.ActiveCfg = Release|Any CPU
		{E36B7F8E-878F-4180-A705-8D6CD5A5FC3C}.Release|x64.Build.0 = Release|Any CPU
		{E36B7F8E-878F-4180-A705-8D6CD5A5FC3C}.Release|x86.ActiveCfg = Release|Any CPU
		{E36B7F8E-878F-4180-A705-8D6CD5A5FC3C}.Release|x86.Build.0 = Release|Any CPU
	EndGlobalSection
	GlobalSection(SolutionProperties) = preSolution
		HideSolutionNode = FALSE
	EndGlobalSection
	GlobalSection(NestedProjects) = preSolution
		{3896C70C-5E0B-4B6A-BDC9-BBA2DA6492B2} = {880DB486-9DB6-4550-A07E-8F83E6682B0D}
		{989588EC-D252-4E1C-8702-75DF6E55789C} = {72D1324D-3E72-4595-9755-AEAC6E99F023}
		{A8B22270-B166-4135-81D2-F7C1EAF2BCF1} = {72D1324D-3E72-4595-9755-AEAC6E99F023}
		{BA5F7A7D-1DC3-417D-96C0-D0770DDACE08} = {72D1324D-3E72-4595-9755-AEAC6E99F023}
		{2C227787-492D-4231-AA8E-CF5CB33218E6} = {3896C70C-5E0B-4B6A-BDC9-BBA2DA6492B2}
		{071199B8-F2EA-4CE6-86F3-A2B0FAE658AA} = {3896C70C-5E0B-4B6A-BDC9-BBA2DA6492B2}
		{3B250AE6-82D9-4893-A8E7-756E70C366FB} = {3896C70C-5E0B-4B6A-BDC9-BBA2DA6492B2}
		{BEF55BBE-D1F9-4996-83CD-8EA0C39ADBEC} = {3896C70C-5E0B-4B6A-BDC9-BBA2DA6492B2}
		{559902F1-A516-47FE-8BBF-56017E384D6E} = {880DB486-9DB6-4550-A07E-8F83E6682B0D}
		{FF43E1EA-F836-4354-B0EB-128DC48CF02A} = {559902F1-A516-47FE-8BBF-56017E384D6E}
		{E63CEDC4-7E6C-41C4-A9FE-4C70AA08CB81} = {559902F1-A516-47FE-8BBF-56017E384D6E}
		{E36B7F8E-878F-4180-A705-8D6CD5A5FC3C} = {3896C70C-5E0B-4B6A-BDC9-BBA2DA6492B2}
	EndGlobalSection
	GlobalSection(ExtensibilityGlobals) = postSolution
		SolutionGuid = {B87195C5-DB4A-4974-AB33-011E826C8E05}
	EndGlobalSection
EndGlobal
