
Microsoft Visual Studio Solution File, Format Version 12.00
# Visual Studio Version 16
VisualStudioVersion = 16.0.30114.128
MinimumVisualStudioVersion = 15.0.26124.0
Project("{2150E333-8FDC-42A3-9474-1A3956D46DE8}") = "Services", "Services", "{880DB486-9DB6-4550-A07E-8F83E6682B0D}"
EndProject
Project("{2150E333-8FDC-42A3-9474-1A3956D46DE8}") = "Scheduling", "Scheduling", "{3896C70C-5E0B-4B6A-BDC9-BBA2DA6492B2}"
EndProject
Project("{2150E333-8FDC-42A3-9474-1A3956D46DE8}") = "BuildingBlocks", "BuildingBlocks", "{72D1324D-3E72-4595-9755-AEAC6E99F023}"
EndProject
Project("{9A19103F-16F7-4668-BE54-9A1E7A4F7556}") = "BuildingBlocks.Domain", "BuildingBlocks\BuildingBlocks.Domain\BuildingBlocks.Domain.csproj", "{989588EC-D252-4E1C-8702-75DF6E55789C}"
EndProject
Project("{9A19103F-16F7-4668-BE54-9A1E7A4F7556}") = "BuildingBlocks.Application", "BuildingBlocks\BuildingBlocks.Application\BuildingBlocks.Application.csproj", "{A8B22270-B166-4135-81D2-F7C1EAF2BCF1}"
EndProject
Project("{9A19103F-16F7-4668-BE54-9A1E7A4F7556}") = "BuildingBlocks.Infrastructure", "BuildingBlocks\BuildingBlocks.Infrastructure\BuildingBlocks.Infrastructure.csproj", "{BA5F7A7D-1DC3-417D-96C0-D0770DDACE08}"
EndProject
Project("{9A19103F-16F7-4668-BE54-9A1E7A4F7556}") = "Scheduling.Domain", "Services\Scheduling\Scheduling.Domain\Scheduling.Domain.csproj", "{2C227787-492D-4231-AA8E-CF5CB33218E6}"
EndProject
Project("{9A19103F-16F7-4668-BE54-9A1E7A4F7556}") = "Scheduling.Infrastructure", "Services\Scheduling\Scheduling.Infrastructure\Scheduling.Infrastructure.csproj", "{071199B8-F2EA-4CE6-86F3-A2B0FAE658AA}"
EndProject
Project("{9A19103F-16F7-4668-BE54-9A1E7A4F7556}") = "Scheduling.Application", "Services\Scheduling\Scheduling.Application\Scheduling.Application.csproj", "{3B250AE6-82D9-4893-A8E7-756E70C366FB}"
EndProject
Project("{9A19103F-16F7-4668-BE54-9A1E7A4F7556}") = "Scheduling.API", "Services\Scheduling\Scheduling.API\Scheduling.API.csproj", "{BEF55BBE-D1F9-4996-83CD-8EA0C39ADBEC}"
EndProject
Project("{2150E333-8FDC-42A3-9474-1A3956D46DE8}") = "Organization", "Organization", "{559902F1-A516-47FE-8BBF-56017E384D6E}"
EndProject
Project("{9A19103F-16F7-4668-BE54-9A1E7A4F7556}") = "Scheduling.UnitTests", "Services\Scheduling\Scheduling.UnitTests\Scheduling.UnitTests.csproj", "{E36B7F8E-878F-4180-A705-8D6CD5A5FC3C}"
EndProject
Project("{2150E333-8FDC-42A3-9474-1A3956D46DE8}") = "ApiGateways", "ApiGateways", "{85042DC3-DDCA-460A-B306-5A70B63E52A9}"
EndProject
Project("{2150E333-8FDC-42A3-9474-1A3956D46DE8}") = "Web.Bff", "Web.Bff", "{46CBA348-0C26-4ADB-B976-9AC4C81163B9}"
EndProject
Project("{9A19103F-16F7-4668-BE54-9A1E7A4F7556}") = "Web.Bff.HttpAggregator", "ApiGateways\Web.Bff\Web.Bff.HttpAggregator\Web.Bff.HttpAggregator.csproj", "{C8A66D41-82F3-4EEB-ACDD-EBD2C84F04B8}"
EndProject
Project("{9A19103F-16F7-4668-BE54-9A1E7A4F7556}") = "Organization.Domain", "Services\Organization\Organization.Domain\Organization.Domain.csproj", "{3600A9BB-6D85-4EF0-83E2-F89B56B8F29F}"
EndProject
Project("{9A19103F-16F7-4668-BE54-9A1E7A4F7556}") = "Organization.Infrastructure", "Services\Organization\Organization.Infrastructure\Organization.Infrastructure.csproj", "{2C2F91B9-377A-44A3-B62B-3F9AB8B0796F}"
EndProject
Project("{9A19103F-16F7-4668-BE54-9A1E7A4F7556}") = "Organization.Application", "Services\Organization\Organization.Application\Organization.Application.csproj", "{FBFF900F-553B-4E7D-BFBE-3B5FE8FA93BE}"
EndProject
Project("{9A19103F-16F7-4668-BE54-9A1E7A4F7556}") = "Organization.API", "Services\Organization\Organization.API\Organization.API.csproj", "{65A896B1-368F-40A4-8E99-D2ED11B461C6}"
EndProject
Project("{9A19103F-16F7-4668-BE54-9A1E7A4F7556}") = "Organization.UnitTests", "Services\Organization\Organization.UnitTests\Organization.UnitTests.csproj", "{038B3327-E154-4EE7-80B4-0F91B0EA7250}"
EndProject
Global
	GlobalSection(SolutionConfigurationPlatforms) = preSolution
		Debug|Any CPU = Debug|Any CPU
		Debug|x64 = Debug|x64
		Debug|x86 = Debug|x86
		Release|Any CPU = Release|Any CPU
		Release|x64 = Release|x64
		Release|x86 = Release|x86
	EndGlobalSection
	GlobalSection(ProjectConfigurationPlatforms) = postSolution
		{989588EC-D252-4E1C-8702-75DF6E55789C}.Debug|Any CPU.ActiveCfg = Debug|Any CPU
		{989588EC-D252-4E1C-8702-75DF6E55789C}.Debug|Any CPU.Build.0 = Debug|Any CPU
		{989588EC-D252-4E1C-8702-75DF6E55789C}.Debug|x64.ActiveCfg = Debug|Any CPU
		{989588EC-D252-4E1C-8702-75DF6E55789C}.Debug|x64.Build.0 = Debug|Any CPU
		{989588EC-D252-4E1C-8702-75DF6E55789C}.Debug|x86.ActiveCfg = Debug|Any CPU
		{989588EC-D252-4E1C-8702-75DF6E55789C}.Debug|x86.Build.0 = Debug|Any CPU
		{989588EC-D252-4E1C-8702-75DF6E55789C}.Release|Any CPU.ActiveCfg = Release|Any CPU
		{989588EC-D252-4E1C-8702-75DF6E55789C}.Release|Any CPU.Build.0 = Release|Any CPU
		{989588EC-D252-4E1C-8702-75DF6E55789C}.Release|x64.ActiveCfg = Release|Any CPU
		{989588EC-D252-4E1C-8702-75DF6E55789C}.Release|x64.Build.0 = Release|Any CPU
		{989588EC-D252-4E1C-8702-75DF6E55789C}.Release|x86.ActiveCfg = Release|Any CPU
		{989588EC-D252-4E1C-8702-75DF6E55789C}.Release|x86.Build.0 = Release|Any CPU
		{A8B22270-B166-4135-81D2-F7C1EAF2BCF1}.Debug|Any CPU.ActiveCfg = Debug|Any CPU
		{A8B22270-B166-4135-81D2-F7C1EAF2BCF1}.Debug|Any CPU.Build.0 = Debug|Any CPU
		{A8B22270-B166-4135-81D2-F7C1EAF2BCF1}.Debug|x64.ActiveCfg = Debug|Any CPU
		{A8B22270-B166-4135-81D2-F7C1EAF2BCF1}.Debug|x64.Build.0 = Debug|Any CPU
		{A8B22270-B166-4135-81D2-F7C1EAF2BCF1}.Debug|x86.ActiveCfg = Debug|Any CPU
		{A8B22270-B166-4135-81D2-F7C1EAF2BCF1}.Debug|x86.Build.0 = Debug|Any CPU
		{A8B22270-B166-4135-81D2-F7C1EAF2BCF1}.Release|Any CPU.ActiveCfg = Release|Any CPU
		{A8B22270-B166-4135-81D2-F7C1EAF2BCF1}.Release|Any CPU.Build.0 = Release|Any CPU
		{A8B22270-B166-4135-81D2-F7C1EAF2BCF1}.Release|x64.ActiveCfg = Release|Any CPU
		{A8B22270-B166-4135-81D2-F7C1EAF2BCF1}.Release|x64.Build.0 = Release|Any CPU
		{A8B22270-B166-4135-81D2-F7C1EAF2BCF1}.Release|x86.ActiveCfg = Release|Any CPU
		{A8B22270-B166-4135-81D2-F7C1EAF2BCF1}.Release|x86.Build.0 = Release|Any CPU
		{BA5F7A7D-1DC3-417D-96C0-D0770DDACE08}.Debug|Any CPU.ActiveCfg = Debug|Any CPU
		{BA5F7A7D-1DC3-417D-96C0-D0770DDACE08}.Debug|Any CPU.Build.0 = Debug|Any CPU
		{BA5F7A7D-1DC3-417D-96C0-D0770DDACE08}.Debug|x64.ActiveCfg = Debug|Any CPU
		{BA5F7A7D-1DC3-417D-96C0-D0770DDACE08}.Debug|x64.Build.0 = Debug|Any CPU
		{BA5F7A7D-1DC3-417D-96C0-D0770DDACE08}.Debug|x86.ActiveCfg = Debug|Any CPU
		{BA5F7A7D-1DC3-417D-96C0-D0770DDACE08}.Debug|x86.Build.0 = Debug|Any CPU
		{BA5F7A7D-1DC3-417D-96C0-D0770DDACE08}.Release|Any CPU.ActiveCfg = Release|Any CPU
		{BA5F7A7D-1DC3-417D-96C0-D0770DDACE08}.Release|Any CPU.Build.0 = Release|Any CPU
		{BA5F7A7D-1DC3-417D-96C0-D0770DDACE08}.Release|x64.ActiveCfg = Release|Any CPU
		{BA5F7A7D-1DC3-417D-96C0-D0770DDACE08}.Release|x64.Build.0 = Release|Any CPU
		{BA5F7A7D-1DC3-417D-96C0-D0770DDACE08}.Release|x86.ActiveCfg = Release|Any CPU
		{BA5F7A7D-1DC3-417D-96C0-D0770DDACE08}.Release|x86.Build.0 = Release|Any CPU
		{2C227787-492D-4231-AA8E-CF5CB33218E6}.Debug|Any CPU.ActiveCfg = Debug|Any CPU
		{2C227787-492D-4231-AA8E-CF5CB33218E6}.Debug|Any CPU.Build.0 = Debug|Any CPU
		{2C227787-492D-4231-AA8E-CF5CB33218E6}.Debug|x64.ActiveCfg = Debug|Any CPU
		{2C227787-492D-4231-AA8E-CF5CB33218E6}.Debug|x64.Build.0 = Debug|Any CPU
		{2C227787-492D-4231-AA8E-CF5CB33218E6}.Debug|x86.ActiveCfg = Debug|Any CPU
		{2C227787-492D-4231-AA8E-CF5CB33218E6}.Debug|x86.Build.0 = Debug|Any CPU
		{2C227787-492D-4231-AA8E-CF5CB33218E6}.Release|Any CPU.ActiveCfg = Release|Any CPU
		{2C227787-492D-4231-AA8E-CF5CB33218E6}.Release|Any CPU.Build.0 = Release|Any CPU
		{2C227787-492D-4231-AA8E-CF5CB33218E6}.Release|x64.ActiveCfg = Release|Any CPU
		{2C227787-492D-4231-AA8E-CF5CB33218E6}.Release|x64.Build.0 = Release|Any CPU
		{2C227787-492D-4231-AA8E-CF5CB33218E6}.Release|x86.ActiveCfg = Release|Any CPU
		{2C227787-492D-4231-AA8E-CF5CB33218E6}.Release|x86.Build.0 = Release|Any CPU
		{071199B8-F2EA-4CE6-86F3-A2B0FAE658AA}.Debug|Any CPU.ActiveCfg = Debug|Any CPU
		{071199B8-F2EA-4CE6-86F3-A2B0FAE658AA}.Debug|Any CPU.Build.0 = Debug|Any CPU
		{071199B8-F2EA-4CE6-86F3-A2B0FAE658AA}.Debug|x64.ActiveCfg = Debug|Any CPU
		{071199B8-F2EA-4CE6-86F3-A2B0FAE658AA}.Debug|x64.Build.0 = Debug|Any CPU
		{071199B8-F2EA-4CE6-86F3-A2B0FAE658AA}.Debug|x86.ActiveCfg = Debug|Any CPU
		{071199B8-F2EA-4CE6-86F3-A2B0FAE658AA}.Debug|x86.Build.0 = Debug|Any CPU
		{071199B8-F2EA-4CE6-86F3-A2B0FAE658AA}.Release|Any CPU.ActiveCfg = Release|Any CPU
		{071199B8-F2EA-4CE6-86F3-A2B0FAE658AA}.Release|Any CPU.Build.0 = Release|Any CPU
		{071199B8-F2EA-4CE6-86F3-A2B0FAE658AA}.Release|x64.ActiveCfg = Release|Any CPU
		{071199B8-F2EA-4CE6-86F3-A2B0FAE658AA}.Release|x64.Build.0 = Release|Any CPU
		{071199B8-F2EA-4CE6-86F3-A2B0FAE658AA}.Release|x86.ActiveCfg = Release|Any CPU
		{071199B8-F2EA-4CE6-86F3-A2B0FAE658AA}.Release|x86.Build.0 = Release|Any CPU
		{3B250AE6-82D9-4893-A8E7-756E70C366FB}.Debug|Any CPU.ActiveCfg = Debug|Any CPU
		{3B250AE6-82D9-4893-A8E7-756E70C366FB}.Debug|Any CPU.Build.0 = Debug|Any CPU
		{3B250AE6-82D9-4893-A8E7-756E70C366FB}.Debug|x64.ActiveCfg = Debug|Any CPU
		{3B250AE6-82D9-4893-A8E7-756E70C366FB}.Debug|x64.Build.0 = Debug|Any CPU
		{3B250AE6-82D9-4893-A8E7-756E70C366FB}.Debug|x86.ActiveCfg = Debug|Any CPU
		{3B250AE6-82D9-4893-A8E7-756E70C366FB}.Debug|x86.Build.0 = Debug|Any CPU
		{3B250AE6-82D9-4893-A8E7-756E70C366FB}.Release|Any CPU.ActiveCfg = Release|Any CPU
		{3B250AE6-82D9-4893-A8E7-756E70C366FB}.Release|Any CPU.Build.0 = Release|Any CPU
		{3B250AE6-82D9-4893-A8E7-756E70C366FB}.Release|x64.ActiveCfg = Release|Any CPU
		{3B250AE6-82D9-4893-A8E7-756E70C366FB}.Release|x64.Build.0 = Release|Any CPU
		{3B250AE6-82D9-4893-A8E7-756E70C366FB}.Release|x86.ActiveCfg = Release|Any CPU
		{3B250AE6-82D9-4893-A8E7-756E70C366FB}.Release|x86.Build.0 = Release|Any CPU
		{BEF55BBE-D1F9-4996-83CD-8EA0C39ADBEC}.Debug|Any CPU.ActiveCfg = Debug|Any CPU
		{BEF55BBE-D1F9-4996-83CD-8EA0C39ADBEC}.Debug|Any CPU.Build.0 = Debug|Any CPU
		{BEF55BBE-D1F9-4996-83CD-8EA0C39ADBEC}.Debug|x64.ActiveCfg = Debug|Any CPU
		{BEF55BBE-D1F9-4996-83CD-8EA0C39ADBEC}.Debug|x64.Build.0 = Debug|Any CPU
		{BEF55BBE-D1F9-4996-83CD-8EA0C39ADBEC}.Debug|x86.ActiveCfg = Debug|Any CPU
		{BEF55BBE-D1F9-4996-83CD-8EA0C39ADBEC}.Debug|x86.Build.0 = Debug|Any CPU
		{BEF55BBE-D1F9-4996-83CD-8EA0C39ADBEC}.Release|Any CPU.ActiveCfg = Release|Any CPU
		{BEF55BBE-D1F9-4996-83CD-8EA0C39ADBEC}.Release|Any CPU.Build.0 = Release|Any CPU
		{BEF55BBE-D1F9-4996-83CD-8EA0C39ADBEC}.Release|x64.ActiveCfg = Release|Any CPU
		{BEF55BBE-D1F9-4996-83CD-8EA0C39ADBEC}.Release|x64.Build.0 = Release|Any CPU
		{BEF55BBE-D1F9-4996-83CD-8EA0C39ADBEC}.Release|x86.ActiveCfg = Release|Any CPU
		{BEF55BBE-D1F9-4996-83CD-8EA0C39ADBEC}.Release|x86.Build.0 = Release|Any CPU
		{E36B7F8E-878F-4180-A705-8D6CD5A5FC3C}.Debug|Any CPU.ActiveCfg = Debug|Any CPU
		{E36B7F8E-878F-4180-A705-8D6CD5A5FC3C}.Debug|Any CPU.Build.0 = Debug|Any CPU
		{E36B7F8E-878F-4180-A705-8D6CD5A5FC3C}.Debug|x64.ActiveCfg = Debug|Any CPU
		{E36B7F8E-878F-4180-A705-8D6CD5A5FC3C}.Debug|x64.Build.0 = Debug|Any CPU
		{E36B7F8E-878F-4180-A705-8D6CD5A5FC3C}.Debug|x86.ActiveCfg = Debug|Any CPU
		{E36B7F8E-878F-4180-A705-8D6CD5A5FC3C}.Debug|x86.Build.0 = Debug|Any CPU
		{E36B7F8E-878F-4180-A705-8D6CD5A5FC3C}.Release|Any CPU.ActiveCfg = Release|Any CPU
		{E36B7F8E-878F-4180-A705-8D6CD5A5FC3C}.Release|Any CPU.Build.0 = Release|Any CPU
		{E36B7F8E-878F-4180-A705-8D6CD5A5FC3C}.Release|x64.ActiveCfg = Release|Any CPU
		{E36B7F8E-878F-4180-A705-8D6CD5A5FC3C}.Release|x64.Build.0 = Release|Any CPU
		{E36B7F8E-878F-4180-A705-8D6CD5A5FC3C}.Release|x86.ActiveCfg = Release|Any CPU
		{E36B7F8E-878F-4180-A705-8D6CD5A5FC3C}.Release|x86.Build.0 = Release|Any CPU
		{C8A66D41-82F3-4EEB-ACDD-EBD2C84F04B8}.Debug|Any CPU.ActiveCfg = Debug|Any CPU
		{C8A66D41-82F3-4EEB-ACDD-EBD2C84F04B8}.Debug|Any CPU.Build.0 = Debug|Any CPU
		{C8A66D41-82F3-4EEB-ACDD-EBD2C84F04B8}.Debug|x64.ActiveCfg = Debug|Any CPU
		{C8A66D41-82F3-4EEB-ACDD-EBD2C84F04B8}.Debug|x64.Build.0 = Debug|Any CPU
		{C8A66D41-82F3-4EEB-ACDD-EBD2C84F04B8}.Debug|x86.ActiveCfg = Debug|Any CPU
		{C8A66D41-82F3-4EEB-ACDD-EBD2C84F04B8}.Debug|x86.Build.0 = Debug|Any CPU
		{C8A66D41-82F3-4EEB-ACDD-EBD2C84F04B8}.Release|Any CPU.ActiveCfg = Release|Any CPU
		{C8A66D41-82F3-4EEB-ACDD-EBD2C84F04B8}.Release|Any CPU.Build.0 = Release|Any CPU
		{C8A66D41-82F3-4EEB-ACDD-EBD2C84F04B8}.Release|x64.ActiveCfg = Release|Any CPU
		{C8A66D41-82F3-4EEB-ACDD-EBD2C84F04B8}.Release|x64.Build.0 = Release|Any CPU
		{C8A66D41-82F3-4EEB-ACDD-EBD2C84F04B8}.Release|x86.ActiveCfg = Release|Any CPU
		{C8A66D41-82F3-4EEB-ACDD-EBD2C84F04B8}.Release|x86.Build.0 = Release|Any CPU
		{3600A9BB-6D85-4EF0-83E2-F89B56B8F29F}.Debug|Any CPU.ActiveCfg = Debug|Any CPU
		{3600A9BB-6D85-4EF0-83E2-F89B56B8F29F}.Debug|Any CPU.Build.0 = Debug|Any CPU
		{3600A9BB-6D85-4EF0-83E2-F89B56B8F29F}.Debug|x64.ActiveCfg = Debug|Any CPU
		{3600A9BB-6D85-4EF0-83E2-F89B56B8F29F}.Debug|x64.Build.0 = Debug|Any CPU
		{3600A9BB-6D85-4EF0-83E2-F89B56B8F29F}.Debug|x86.ActiveCfg = Debug|Any CPU
		{3600A9BB-6D85-4EF0-83E2-F89B56B8F29F}.Debug|x86.Build.0 = Debug|Any CPU
		{3600A9BB-6D85-4EF0-83E2-F89B56B8F29F}.Release|Any CPU.ActiveCfg = Release|Any CPU
		{3600A9BB-6D85-4EF0-83E2-F89B56B8F29F}.Release|Any CPU.Build.0 = Release|Any CPU
		{3600A9BB-6D85-4EF0-83E2-F89B56B8F29F}.Release|x64.ActiveCfg = Release|Any CPU
		{3600A9BB-6D85-4EF0-83E2-F89B56B8F29F}.Release|x64.Build.0 = Release|Any CPU
		{3600A9BB-6D85-4EF0-83E2-F89B56B8F29F}.Release|x86.ActiveCfg = Release|Any CPU
		{3600A9BB-6D85-4EF0-83E2-F89B56B8F29F}.Release|x86.Build.0 = Release|Any CPU
		{2C2F91B9-377A-44A3-B62B-3F9AB8B0796F}.Debug|Any CPU.ActiveCfg = Debug|Any CPU
		{2C2F91B9-377A-44A3-B62B-3F9AB8B0796F}.Debug|Any CPU.Build.0 = Debug|Any CPU
		{2C2F91B9-377A-44A3-B62B-3F9AB8B0796F}.Debug|x64.ActiveCfg = Debug|Any CPU
		{2C2F91B9-377A-44A3-B62B-3F9AB8B0796F}.Debug|x64.Build.0 = Debug|Any CPU
		{2C2F91B9-377A-44A3-B62B-3F9AB8B0796F}.Debug|x86.ActiveCfg = Debug|Any CPU
		{2C2F91B9-377A-44A3-B62B-3F9AB8B0796F}.Debug|x86.Build.0 = Debug|Any CPU
		{2C2F91B9-377A-44A3-B62B-3F9AB8B0796F}.Release|Any CPU.ActiveCfg = Release|Any CPU
		{2C2F91B9-377A-44A3-B62B-3F9AB8B0796F}.Release|Any CPU.Build.0 = Release|Any CPU
		{2C2F91B9-377A-44A3-B62B-3F9AB8B0796F}.Release|x64.ActiveCfg = Release|Any CPU
		{2C2F91B9-377A-44A3-B62B-3F9AB8B0796F}.Release|x64.Build.0 = Release|Any CPU
		{2C2F91B9-377A-44A3-B62B-3F9AB8B0796F}.Release|x86.ActiveCfg = Release|Any CPU
		{2C2F91B9-377A-44A3-B62B-3F9AB8B0796F}.Release|x86.Build.0 = Release|Any CPU
		{FBFF900F-553B-4E7D-BFBE-3B5FE8FA93BE}.Debug|Any CPU.ActiveCfg = Debug|Any CPU
		{FBFF900F-553B-4E7D-BFBE-3B5FE8FA93BE}.Debug|Any CPU.Build.0 = Debug|Any CPU
		{FBFF900F-553B-4E7D-BFBE-3B5FE8FA93BE}.Debug|x64.ActiveCfg = Debug|Any CPU
		{FBFF900F-553B-4E7D-BFBE-3B5FE8FA93BE}.Debug|x64.Build.0 = Debug|Any CPU
		{FBFF900F-553B-4E7D-BFBE-3B5FE8FA93BE}.Debug|x86.ActiveCfg = Debug|Any CPU
		{FBFF900F-553B-4E7D-BFBE-3B5FE8FA93BE}.Debug|x86.Build.0 = Debug|Any CPU
		{FBFF900F-553B-4E7D-BFBE-3B5FE8FA93BE}.Release|Any CPU.ActiveCfg = Release|Any CPU
		{FBFF900F-553B-4E7D-BFBE-3B5FE8FA93BE}.Release|Any CPU.Build.0 = Release|Any CPU
		{FBFF900F-553B-4E7D-BFBE-3B5FE8FA93BE}.Release|x64.ActiveCfg = Release|Any CPU
		{FBFF900F-553B-4E7D-BFBE-3B5FE8FA93BE}.Release|x64.Build.0 = Release|Any CPU
		{FBFF900F-553B-4E7D-BFBE-3B5FE8FA93BE}.Release|x86.ActiveCfg = Release|Any CPU
		{FBFF900F-553B-4E7D-BFBE-3B5FE8FA93BE}.Release|x86.Build.0 = Release|Any CPU
		{65A896B1-368F-40A4-8E99-D2ED11B461C6}.Debug|Any CPU.ActiveCfg = Debug|Any CPU
		{65A896B1-368F-40A4-8E99-D2ED11B461C6}.Debug|Any CPU.Build.0 = Debug|Any CPU
		{65A896B1-368F-40A4-8E99-D2ED11B461C6}.Debug|x64.ActiveCfg = Debug|Any CPU
		{65A896B1-368F-40A4-8E99-D2ED11B461C6}.Debug|x64.Build.0 = Debug|Any CPU
		{65A896B1-368F-40A4-8E99-D2ED11B461C6}.Debug|x86.ActiveCfg = Debug|Any CPU
		{65A896B1-368F-40A4-8E99-D2ED11B461C6}.Debug|x86.Build.0 = Debug|Any CPU
		{65A896B1-368F-40A4-8E99-D2ED11B461C6}.Release|Any CPU.ActiveCfg = Release|Any CPU
		{65A896B1-368F-40A4-8E99-D2ED11B461C6}.Release|Any CPU.Build.0 = Release|Any CPU
		{65A896B1-368F-40A4-8E99-D2ED11B461C6}.Release|x64.ActiveCfg = Release|Any CPU
		{65A896B1-368F-40A4-8E99-D2ED11B461C6}.Release|x64.Build.0 = Release|Any CPU
		{65A896B1-368F-40A4-8E99-D2ED11B461C6}.Release|x86.ActiveCfg = Release|Any CPU
		{65A896B1-368F-40A4-8E99-D2ED11B461C6}.Release|x86.Build.0 = Release|Any CPU
		{038B3327-E154-4EE7-80B4-0F91B0EA7250}.Debug|Any CPU.ActiveCfg = Debug|Any CPU
		{038B3327-E154-4EE7-80B4-0F91B0EA7250}.Debug|Any CPU.Build.0 = Debug|Any CPU
		{038B3327-E154-4EE7-80B4-0F91B0EA7250}.Debug|x64.ActiveCfg = Debug|Any CPU
		{038B3327-E154-4EE7-80B4-0F91B0EA7250}.Debug|x64.Build.0 = Debug|Any CPU
		{038B3327-E154-4EE7-80B4-0F91B0EA7250}.Debug|x86.ActiveCfg = Debug|Any CPU
		{038B3327-E154-4EE7-80B4-0F91B0EA7250}.Debug|x86.Build.0 = Debug|Any CPU
		{038B3327-E154-4EE7-80B4-0F91B0EA7250}.Release|Any CPU.ActiveCfg = Release|Any CPU
		{038B3327-E154-4EE7-80B4-0F91B0EA7250}.Release|Any CPU.Build.0 = Release|Any CPU
		{038B3327-E154-4EE7-80B4-0F91B0EA7250}.Release|x64.ActiveCfg = Release|Any CPU
		{038B3327-E154-4EE7-80B4-0F91B0EA7250}.Release|x64.Build.0 = Release|Any CPU
		{038B3327-E154-4EE7-80B4-0F91B0EA7250}.Release|x86.ActiveCfg = Release|Any CPU
		{038B3327-E154-4EE7-80B4-0F91B0EA7250}.Release|x86.Build.0 = Release|Any CPU
	EndGlobalSection
	GlobalSection(SolutionProperties) = preSolution
		HideSolutionNode = FALSE
	EndGlobalSection
	GlobalSection(NestedProjects) = preSolution
		{3896C70C-5E0B-4B6A-BDC9-BBA2DA6492B2} = {880DB486-9DB6-4550-A07E-8F83E6682B0D}
		{989588EC-D252-4E1C-8702-75DF6E55789C} = {72D1324D-3E72-4595-9755-AEAC6E99F023}
		{A8B22270-B166-4135-81D2-F7C1EAF2BCF1} = {72D1324D-3E72-4595-9755-AEAC6E99F023}
		{BA5F7A7D-1DC3-417D-96C0-D0770DDACE08} = {72D1324D-3E72-4595-9755-AEAC6E99F023}
		{2C227787-492D-4231-AA8E-CF5CB33218E6} = {3896C70C-5E0B-4B6A-BDC9-BBA2DA6492B2}
		{071199B8-F2EA-4CE6-86F3-A2B0FAE658AA} = {3896C70C-5E0B-4B6A-BDC9-BBA2DA6492B2}
		{3B250AE6-82D9-4893-A8E7-756E70C366FB} = {3896C70C-5E0B-4B6A-BDC9-BBA2DA6492B2}
		{BEF55BBE-D1F9-4996-83CD-8EA0C39ADBEC} = {3896C70C-5E0B-4B6A-BDC9-BBA2DA6492B2}
		{559902F1-A516-47FE-8BBF-56017E384D6E} = {880DB486-9DB6-4550-A07E-8F83E6682B0D}
		{E36B7F8E-878F-4180-A705-8D6CD5A5FC3C} = {3896C70C-5E0B-4B6A-BDC9-BBA2DA6492B2}
		{46CBA348-0C26-4ADB-B976-9AC4C81163B9} = {85042DC3-DDCA-460A-B306-5A70B63E52A9}
		{C8A66D41-82F3-4EEB-ACDD-EBD2C84F04B8} = {46CBA348-0C26-4ADB-B976-9AC4C81163B9}
		{3600A9BB-6D85-4EF0-83E2-F89B56B8F29F} = {559902F1-A516-47FE-8BBF-56017E384D6E}
		{2C2F91B9-377A-44A3-B62B-3F9AB8B0796F} = {559902F1-A516-47FE-8BBF-56017E384D6E}
		{FBFF900F-553B-4E7D-BFBE-3B5FE8FA93BE} = {559902F1-A516-47FE-8BBF-56017E384D6E}
		{65A896B1-368F-40A4-8E99-D2ED11B461C6} = {559902F1-A516-47FE-8BBF-56017E384D6E}
		{038B3327-E154-4EE7-80B4-0F91B0EA7250} = {559902F1-A516-47FE-8BBF-56017E384D6E}
	EndGlobalSection
	GlobalSection(ExtensibilityGlobals) = postSolution
		SolutionGuid = {B87195C5-DB4A-4974-AB33-011E826C8E05}
	EndGlobalSection
EndGlobal
